
Microsoft Visual Studio Solution File, Format Version 12.00
# Visual Studio Version 17
VisualStudioVersion = 17.8.34330.188
MinimumVisualStudioVersion = 10.0.40219.1
Project("{FAE04EC0-301F-11D3-BF4B-00C04F79EFBC}") = "ImageDownsizer", "ImageDownsizer\ImageDownsizer.csproj", "{952A176B-E133-4CFC-88C4-731059C9A33F}"
EndProject
Global
	GlobalSection(SolutionConfigurationPlatforms) = preSolution
		Debug|Any CPU = Debug|Any CPU
		Release|Any CPU = Release|Any CPU
	EndGlobalSection
	GlobalSection(ProjectConfigurationPlatforms) = postSolution
		{952A176B-E133-4CFC-88C4-731059C9A33F}.Debug|Any CPU.ActiveCfg = Debug|Any CPU
		{952A176B-E133-4CFC-88C4-731059C9A33F}.Debug|Any CPU.Build.0 = Debug|Any CPU
		{952A176B-E133-4CFC-88C4-731059C9A33F}.Release|Any CPU.ActiveCfg = Release|Any CPU
		{952A176B-E133-4CFC-88C4-731059C9A33F}.Release|Any CPU.Build.0 = Release|Any CPU
	EndGlobalSection
	GlobalSection(SolutionProperties) = preSolution
		HideSolutionNode = FALSE
	EndGlobalSection
	GlobalSection(ExtensibilityGlobals) = postSolution
		SolutionGuid = {700563E3-ECBA-43C9-A614-BE8D5EF13B73}
	EndGlobalSection
EndGlobal
